// !$*UTF8*$!
{
	archiveVersion = 1;
	classes = {
	};
	objectVersion = 56;
	objects = {

/* Begin PBXBuildFile section */
		426F94372C6CAF3E00262469 /* KekaDemoAppApp.swift in Sources */ = {isa = PBXBuildFile; fileRef = 426F94362C6CAF3E00262469 /* KekaDemoAppApp.swift */; };
		426F94392C6CAF3E00262469 /* ContentView.swift in Sources */ = {isa = PBXBuildFile; fileRef = 426F94382C6CAF3E00262469 /* ContentView.swift */; };
		426F943B2C6CAF4100262469 /* Assets.xcassets in Resources */ = {isa = PBXBuildFile; fileRef = 426F943A2C6CAF4100262469 /* Assets.xcassets */; };
		426F943E2C6CAF4100262469 /* Preview Assets.xcassets in Resources */ = {isa = PBXBuildFile; fileRef = 426F943D2C6CAF4100262469 /* Preview Assets.xcassets */; };
		426F94402C6CAF4100262469 /* Persistence.swift in Sources */ = {isa = PBXBuildFile; fileRef = 426F943F2C6CAF4100262469 /* Persistence.swift */; };
		426F94432C6CAF4100262469 /* KekaDemoApp.xcdatamodeld in Sources */ = {isa = PBXBuildFile; fileRef = 426F94412C6CAF4100262469 /* KekaDemoApp.xcdatamodeld */; };
		426F944B2C6CB01000262469 /* ArticleModel.swift in Sources */ = {isa = PBXBuildFile; fileRef = 426F944A2C6CB01000262469 /* ArticleModel.swift */; };
		426F944E2C6CB21100262469 /* NetworkManager.swift in Sources */ = {isa = PBXBuildFile; fileRef = 426F944D2C6CB21100262469 /* NetworkManager.swift */; };
		426F94512C6CB4AF00262469 /* ArticleListViewModel.swift in Sources */ = {isa = PBXBuildFile; fileRef = 426F94502C6CB4AF00262469 /* ArticleListViewModel.swift */; };
		426F94542C6CB5BF00262469 /* CoreDataManager.swift in Sources */ = {isa = PBXBuildFile; fileRef = 426F94532C6CB5BF00262469 /* CoreDataManager.swift */; };
		426F94572C6CC87A00262469 /* Reachability.swift in Sources */ = {isa = PBXBuildFile; fileRef = 426F94562C6CC87A00262469 /* Reachability.swift */; };
/* End PBXBuildFile section */

/* Begin PBXFileReference section */
		426F94332C6CAF3E00262469 /* KekaDemoApp.app */ = {isa = PBXFileReference; explicitFileType = wrapper.application; includeInIndex = 0; path = KekaDemoApp.app; sourceTree = BUILT_PRODUCTS_DIR; };
		426F94362C6CAF3E00262469 /* KekaDemoAppApp.swift */ = {isa = PBXFileReference; lastKnownFileType = sourcecode.swift; path = KekaDemoAppApp.swift; sourceTree = "<group>"; };
		426F94382C6CAF3E00262469 /* ContentView.swift */ = {isa = PBXFileReference; lastKnownFileType = sourcecode.swift; path = ContentView.swift; sourceTree = "<group>"; };
		426F943A2C6CAF4100262469 /* Assets.xcassets */ = {isa = PBXFileReference; lastKnownFileType = folder.assetcatalog; path = Assets.xcassets; sourceTree = "<group>"; };
		426F943D2C6CAF4100262469 /* Preview Assets.xcassets */ = {isa = PBXFileReference; lastKnownFileType = folder.assetcatalog; path = "Preview Assets.xcassets"; sourceTree = "<group>"; };
		426F943F2C6CAF4100262469 /* Persistence.swift */ = {isa = PBXFileReference; lastKnownFileType = sourcecode.swift; path = Persistence.swift; sourceTree = "<group>"; };
		426F94422C6CAF4100262469 /* KekaDemoApp.xcdatamodel */ = {isa = PBXFileReference; lastKnownFileType = wrapper.xcdatamodel; path = KekaDemoApp.xcdatamodel; sourceTree = "<group>"; };
		426F944A2C6CB01000262469 /* ArticleModel.swift */ = {isa = PBXFileReference; lastKnownFileType = sourcecode.swift; path = ArticleModel.swift; sourceTree = "<group>"; };
		426F944D2C6CB21100262469 /* NetworkManager.swift */ = {isa = PBXFileReference; lastKnownFileType = sourcecode.swift; path = NetworkManager.swift; sourceTree = "<group>"; };
		426F94502C6CB4AF00262469 /* ArticleListViewModel.swift */ = {isa = PBXFileReference; lastKnownFileType = sourcecode.swift; path = ArticleListViewModel.swift; sourceTree = "<group>"; };
		426F94532C6CB5BF00262469 /* CoreDataManager.swift */ = {isa = PBXFileReference; lastKnownFileType = sourcecode.swift; path = CoreDataManager.swift; sourceTree = "<group>"; };
		426F94562C6CC87A00262469 /* Reachability.swift */ = {isa = PBXFileReference; lastKnownFileType = sourcecode.swift; path = Reachability.swift; sourceTree = "<group>"; };
/* End PBXFileReference section */

/* Begin PBXFrameworksBuildPhase section */
		426F94302C6CAF3E00262469 /* Frameworks */ = {
			isa = PBXFrameworksBuildPhase;
			buildActionMask = 2147483647;
			files = (
			);
			runOnlyForDeploymentPostprocessing = 0;
		};
/* End PBXFrameworksBuildPhase section */

/* Begin PBXGroup section */
		426F942A2C6CAF3E00262469 = {
			isa = PBXGroup;
			children = (
				426F94352C6CAF3E00262469 /* KekaDemoApp */,
				426F94342C6CAF3E00262469 /* Products */,
			);
			sourceTree = "<group>";
		};
		426F94342C6CAF3E00262469 /* Products */ = {
			isa = PBXGroup;
			children = (
				426F94332C6CAF3E00262469 /* KekaDemoApp.app */,
			);
			name = Products;
			sourceTree = "<group>";
		};
		426F94352C6CAF3E00262469 /* KekaDemoApp */ = {
			isa = PBXGroup;
			children = (
				426F94552C6CC86B00262469 /* Utility */,
				426F94522C6CB5A600262469 /* CoreDataManager */,
				426F944F2C6CB49100262469 /* ViewModel */,
				426F944C2C6CB1FD00262469 /* NetworkManager */,
				426F94492C6CAFF300262469 /* Model */,
				426F94362C6CAF3E00262469 /* KekaDemoAppApp.swift */,
				426F94382C6CAF3E00262469 /* ContentView.swift */,
				426F943A2C6CAF4100262469 /* Assets.xcassets */,
				426F943F2C6CAF4100262469 /* Persistence.swift */,
				426F94412C6CAF4100262469 /* KekaDemoApp.xcdatamodeld */,
				426F943C2C6CAF4100262469 /* Preview Content */,
			);
			path = KekaDemoApp;
			sourceTree = "<group>";
		};
		426F943C2C6CAF4100262469 /* Preview Content */ = {
			isa = PBXGroup;
			children = (
				426F943D2C6CAF4100262469 /* Preview Assets.xcassets */,
			);
			path = "Preview Content";
			sourceTree = "<group>";
		};
		426F94492C6CAFF300262469 /* Model */ = {
			isa = PBXGroup;
			children = (
				426F944A2C6CB01000262469 /* ArticleModel.swift */,
			);
			path = Model;
			sourceTree = "<group>";
		};
		426F944C2C6CB1FD00262469 /* NetworkManager */ = {
			isa = PBXGroup;
			children = (
				426F944D2C6CB21100262469 /* NetworkManager.swift */,
			);
			path = NetworkManager;
			sourceTree = "<group>";
		};
		426F944F2C6CB49100262469 /* ViewModel */ = {
			isa = PBXGroup;
			children = (
				426F94502C6CB4AF00262469 /* ArticleListViewModel.swift */,
			);
			path = ViewModel;
			sourceTree = "<group>";
		};
		426F94522C6CB5A600262469 /* CoreDataManager */ = {
			isa = PBXGroup;
			children = (
				426F94532C6CB5BF00262469 /* CoreDataManager.swift */,
			);
			path = CoreDataManager;
			sourceTree = "<group>";
		};
		426F94552C6CC86B00262469 /* Utility */ = {
			isa = PBXGroup;
			children = (
				426F94562C6CC87A00262469 /* Reachability.swift */,
			);
			path = Utility;
			sourceTree = "<group>";
		};
/* End PBXGroup section */

/* Begin PBXNativeTarget section */
		426F94322C6CAF3E00262469 /* KekaDemoApp */ = {
			isa = PBXNativeTarget;
			buildConfigurationList = 426F94462C6CAF4100262469 /* Build configuration list for PBXNativeTarget "KekaDemoApp" */;
			buildPhases = (
				426F942F2C6CAF3E00262469 /* Sources */,
				426F94302C6CAF3E00262469 /* Frameworks */,
				426F94312C6CAF3E00262469 /* Resources */,
			);
			buildRules = (
			);
			dependencies = (
			);
			name = KekaDemoApp;
			productName = KekaDemoApp;
			productReference = 426F94332C6CAF3E00262469 /* KekaDemoApp.app */;
			productType = "com.apple.product-type.application";
		};
/* End PBXNativeTarget section */

/* Begin PBXProject section */
		426F942B2C6CAF3E00262469 /* Project object */ = {
			isa = PBXProject;
			attributes = {
				BuildIndependentTargetsInParallel = 1;
				LastSwiftUpdateCheck = 1530;
				LastUpgradeCheck = 1530;
				TargetAttributes = {
					426F94322C6CAF3E00262469 = {
						CreatedOnToolsVersion = 15.3;
					};
				};
			};
			buildConfigurationList = 426F942E2C6CAF3E00262469 /* Build configuration list for PBXProject "KekaDemoApp" */;
			compatibilityVersion = "Xcode 14.0";
			developmentRegion = en;
			hasScannedForEncodings = 0;
			knownRegions = (
				en,
				Base,
			);
			mainGroup = 426F942A2C6CAF3E00262469;
			productRefGroup = 426F94342C6CAF3E00262469 /* Products */;
			projectDirPath = "";
			projectRoot = "";
			targets = (
				426F94322C6CAF3E00262469 /* KekaDemoApp */,
			);
		};
/* End PBXProject section */

/* Begin PBXResourcesBuildPhase section */
		426F94312C6CAF3E00262469 /* Resources */ = {
			isa = PBXResourcesBuildPhase;
			buildActionMask = 2147483647;
			files = (
				426F943E2C6CAF4100262469 /* Preview Assets.xcassets in Resources */,
				426F943B2C6CAF4100262469 /* Assets.xcassets in Resources */,
			);
			runOnlyForDeploymentPostprocessing = 0;
		};
/* End PBXResourcesBuildPhase section */

/* Begin PBXSourcesBuildPhase section */
		426F942F2C6CAF3E00262469 /* Sources */ = {
			isa = PBXSourcesBuildPhase;
			buildActionMask = 2147483647;
			files = (
				426F944E2C6CB21100262469 /* NetworkManager.swift in Sources */,
				426F94402C6CAF4100262469 /* Persistence.swift in Sources */,
				426F944B2C6CB01000262469 /* ArticleModel.swift in Sources */,
				426F94392C6CAF3E00262469 /* ContentView.swift in Sources */,
				426F94432C6CAF4100262469 /* KekaDemoApp.xcdatamodeld in Sources */,
				426F94572C6CC87A00262469 /* Reachability.swift in Sources */,
				426F94372C6CAF3E00262469 /* KekaDemoAppApp.swift in Sources */,
				426F94542C6CB5BF00262469 /* CoreDataManager.swift in Sources */,
				426F94512C6CB4AF00262469 /* ArticleListViewModel.swift in Sources */,
			);
			runOnlyForDeploymentPostprocessing = 0;
		};
/* End PBXSourcesBuildPhase section */

/* Begin XCBuildConfiguration section */
		426F94442C6CAF4100262469 /* Debug */ = {
			isa = XCBuildConfiguration;
			buildSettings = {
				ALWAYS_SEARCH_USER_PATHS = NO;
				ASSETCATALOG_COMPILER_GENERATE_SWIFT_ASSET_SYMBOL_EXTENSIONS = YES;
				CLANG_ANALYZER_NONNULL = YES;
				CLANG_ANALYZER_NUMBER_OBJECT_CONVERSION = YES_AGGRESSIVE;
				CLANG_CXX_LANGUAGE_STANDARD = "gnu++20";
				CLANG_ENABLE_MODULES = YES;
				CLANG_ENABLE_OBJC_ARC = YES;
				CLANG_ENABLE_OBJC_WEAK = YES;
				CLANG_WARN_BLOCK_CAPTURE_AUTORELEASING = YES;
				CLANG_WARN_BOOL_CONVERSION = YES;
				CLANG_WARN_COMMA = YES;
				CLANG_WARN_CONSTANT_CONVERSION = YES;
				CLANG_WARN_DEPRECATED_OBJC_IMPLEMENTATIONS = YES;
				CLANG_WARN_DIRECT_OBJC_ISA_USAGE = YES_ERROR;
				CLANG_WARN_DOCUMENTATION_COMMENTS = YES;
				CLANG_WARN_EMPTY_BODY = YES;
				CLANG_WARN_ENUM_CONVERSION = YES;
				CLANG_WARN_INFINITE_RECURSION = YES;
				CLANG_WARN_INT_CONVERSION = YES;
				CLANG_WARN_NON_LITERAL_NULL_CONVERSION = YES;
				CLANG_WARN_OBJC_IMPLICIT_RETAIN_SELF = YES;
				CLANG_WARN_OBJC_LITERAL_CONVERSION = YES;
				CLANG_WARN_OBJC_ROOT_CLASS = YES_ERROR;
				CLANG_WARN_QUOTED_INCLUDE_IN_FRAMEWORK_HEADER = YES;
				CLANG_WARN_RANGE_LOOP_ANALYSIS = YES;
				CLANG_WARN_STRICT_PROTOTYPES = YES;
				CLANG_WARN_SUSPICIOUS_MOVE = YES;
				CLANG_WARN_UNGUARDED_AVAILABILITY = YES_AGGRESSIVE;
				CLANG_WARN_UNREACHABLE_CODE = YES;
				CLANG_WARN__DUPLICATE_METHOD_MATCH = YES;
				COPY_PHASE_STRIP = NO;
				DEBUG_INFORMATION_FORMAT = dwarf;
				ENABLE_STRICT_OBJC_MSGSEND = YES;
				ENABLE_TESTABILITY = YES;
				ENABLE_USER_SCRIPT_SANDBOXING = YES;
				GCC_C_LANGUAGE_STANDARD = gnu17;
				GCC_DYNAMIC_NO_PIC = NO;
				GCC_NO_COMMON_BLOCKS = YES;
				GCC_OPTIMIZATION_LEVEL = 0;
				GCC_PREPROCESSOR_DEFINITIONS = (
					"DEBUG=1",
					"$(inherited)",
				);
				GCC_WARN_64_TO_32_BIT_CONVERSION = YES;
				GCC_WARN_ABOUT_RETURN_TYPE = YES_ERROR;
				GCC_WARN_UNDECLARED_SELECTOR = YES;
				GCC_WARN_UNINITIALIZED_AUTOS = YES_AGGRESSIVE;
				GCC_WARN_UNUSED_FUNCTION = YES;
				GCC_WARN_UNUSED_VARIABLE = YES;
				IPHONEOS_DEPLOYMENT_TARGET = 17.4;
				LOCALIZATION_PREFERS_STRING_CATALOGS = YES;
				MTL_ENABLE_DEBUG_INFO = INCLUDE_SOURCE;
				MTL_FAST_MATH = YES;
				ONLY_ACTIVE_ARCH = YES;
				SDKROOT = iphoneos;
				SWIFT_ACTIVE_COMPILATION_CONDITIONS = "DEBUG $(inherited)";
				SWIFT_OPTIMIZATION_LEVEL = "-Onone";
			};
			name = Debug;
		};
		426F94452C6CAF4100262469 /* Release */ = {
			isa = XCBuildConfiguration;
			buildSettings = {
				ALWAYS_SEARCH_USER_PATHS = NO;
				ASSETCATALOG_COMPILER_GENERATE_SWIFT_ASSET_SYMBOL_EXTENSIONS = YES;
				CLANG_ANALYZER_NONNULL = YES;
				CLANG_ANALYZER_NUMBER_OBJECT_CONVERSION = YES_AGGRESSIVE;
				CLANG_CXX_LANGUAGE_STANDARD = "gnu++20";
				CLANG_ENABLE_MODULES = YES;
				CLANG_ENABLE_OBJC_ARC = YES;
				CLANG_ENABLE_OBJC_WEAK = YES;
				CLANG_WARN_BLOCK_CAPTURE_AUTORELEASING = YES;
				CLANG_WARN_BOOL_CONVERSION = YES;
				CLANG_WARN_COMMA = YES;
				CLANG_WARN_CONSTANT_CONVERSION = YES;
				CLANG_WARN_DEPRECATED_OBJC_IMPLEMENTATIONS = YES;
				CLANG_WARN_DIRECT_OBJC_ISA_USAGE = YES_ERROR;
				CLANG_WARN_DOCUMENTATION_COMMENTS = YES;
				CLANG_WARN_EMPTY_BODY = YES;
				CLANG_WARN_ENUM_CONVERSION = YES;
				CLANG_WARN_INFINITE_RECURSION = YES;
				CLANG_WARN_INT_CONVERSION = YES;
				CLANG_WARN_NON_LITERAL_NULL_CONVERSION = YES;
				CLANG_WARN_OBJC_IMPLICIT_RETAIN_SELF = YES;
				CLANG_WARN_OBJC_LITERAL_CONVERSION = YES;
				CLANG_WARN_OBJC_ROOT_CLASS = YES_ERROR;
				CLANG_WARN_QUOTED_INCLUDE_IN_FRAMEWORK_HEADER = YES;
				CLANG_WARN_RANGE_LOOP_ANALYSIS = YES;
				CLANG_WARN_STRICT_PROTOTYPES = YES;
				CLANG_WARN_SUSPICIOUS_MOVE = YES;
				CLANG_WARN_UNGUARDED_AVAILABILITY = YES_AGGRESSIVE;
				CLANG_WARN_UNREACHABLE_CODE = YES;
				CLANG_WARN__DUPLICATE_METHOD_MATCH = YES;
				COPY_PHASE_STRIP = NO;
				DEBUG_INFORMATION_FORMAT = "dwarf-with-dsym";
				ENABLE_NS_ASSERTIONS = NO;
				ENABLE_STRICT_OBJC_MSGSEND = YES;
				ENABLE_USER_SCRIPT_SANDBOXING = YES;
				GCC_C_LANGUAGE_STANDARD = gnu17;
				GCC_NO_COMMON_BLOCKS = YES;
				GCC_WARN_64_TO_32_BIT_CONVERSION = YES;
				GCC_WARN_ABOUT_RETURN_TYPE = YES_ERROR;
				GCC_WARN_UNDECLARED_SELECTOR = YES;
				GCC_WARN_UNINITIALIZED_AUTOS = YES_AGGRESSIVE;
				GCC_WARN_UNUSED_FUNCTION = YES;
				GCC_WARN_UNUSED_VARIABLE = YES;
				IPHONEOS_DEPLOYMENT_TARGET = 17.4;
				LOCALIZATION_PREFERS_STRING_CATALOGS = YES;
				MTL_ENABLE_DEBUG_INFO = NO;
				MTL_FAST_MATH = YES;
				SDKROOT = iphoneos;
				SWIFT_COMPILATION_MODE = wholemodule;
				VALIDATE_PRODUCT = YES;
			};
			name = Release;
		};
		426F94472C6CAF4100262469 /* Debug */ = {
			isa = XCBuildConfiguration;
			buildSettings = {
				ASSETCATALOG_COMPILER_APPICON_NAME = AppIcon;
				ASSETCATALOG_COMPILER_GLOBAL_ACCENT_COLOR_NAME = AccentColor;
				CODE_SIGN_STYLE = Automatic;
				CURRENT_PROJECT_VERSION = 1;
				DEVELOPMENT_ASSET_PATHS = "\"KekaDemoApp/Preview Content\"";
				DEVELOPMENT_TEAM = 4HUWWPVAFL;
				ENABLE_PREVIEWS = YES;
				GENERATE_INFOPLIST_FILE = YES;
				INFOPLIST_KEY_UIApplicationSceneManifest_Generation = YES;
				INFOPLIST_KEY_UIApplicationSupportsIndirectInputEvents = YES;
				INFOPLIST_KEY_UILaunchScreen_Generation = YES;
				INFOPLIST_KEY_UISupportedInterfaceOrientations_iPad = "UIInterfaceOrientationPortrait UIInterfaceOrientationPortraitUpsideDown UIInterfaceOrientationLandscapeLeft UIInterfaceOrientationLandscapeRight";
				INFOPLIST_KEY_UISupportedInterfaceOrientations_iPhone = "UIInterfaceOrientationPortrait UIInterfaceOrientationLandscapeLeft UIInterfaceOrientationLandscapeRight";
				LD_RUNPATH_SEARCH_PATHS = (
					"$(inherited)",
					"@executable_path/Frameworks",
				);
				MARKETING_VERSION = 1.0;
				PRODUCT_BUNDLE_IDENTIFIER = com.monalisa.KekaDemoApp;
				PRODUCT_NAME = "$(TARGET_NAME)";
				SWIFT_EMIT_LOC_STRINGS = YES;
				SWIFT_VERSION = 5.0;
				TARGETED_DEVICE_FAMILY = "1,2";
			};
			name = Debug;
		};
		426F94482C6CAF4100262469 /* Release */ = {
			isa = XCBuildConfiguration;
			buildSettings = {
				ASSETCATALOG_COMPILER_APPICON_NAME = AppIcon;
				ASSETCATALOG_COMPILER_GLOBAL_ACCENT_COLOR_NAME = AccentColor;
				CODE_SIGN_STYLE = Automatic;
				CURRENT_PROJECT_VERSION = 1;
				DEVELOPMENT_ASSET_PATHS = "\"KekaDemoApp/Preview Content\"";
				DEVELOPMENT_TEAM = 4HUWWPVAFL;
				ENABLE_PREVIEWS = YES;
				GENERATE_INFOPLIST_FILE = YES;
				INFOPLIST_KEY_UIApplicationSceneManifest_Generation = YES;
				INFOPLIST_KEY_UIApplicationSupportsIndirectInputEvents = YES;
				INFOPLIST_KEY_UILaunchScreen_Generation = YES;
				INFOPLIST_KEY_UISupportedInterfaceOrientations_iPad = "UIInterfaceOrientationPortrait UIInterfaceOrientationPortraitUpsideDown UIInterfaceOrientationLandscapeLeft UIInterfaceOrientationLandscapeRight";
				INFOPLIST_KEY_UISupportedInterfaceOrientations_iPhone = "UIInterfaceOrientationPortrait UIInterfaceOrientationLandscapeLeft UIInterfaceOrientationLandscapeRight";
				LD_RUNPATH_SEARCH_PATHS = (
					"$(inherited)",
					"@executable_path/Frameworks",
				);
				MARKETING_VERSION = 1.0;
				PRODUCT_BUNDLE_IDENTIFIER = com.monalisa.KekaDemoApp;
				PRODUCT_NAME = "$(TARGET_NAME)";
				SWIFT_EMIT_LOC_STRINGS = YES;
				SWIFT_VERSION = 5.0;
				TARGETED_DEVICE_FAMILY = "1,2";
			};
			name = Release;
		};
/* End XCBuildConfiguration section */

/* Begin XCConfigurationList section */
		426F942E2C6CAF3E00262469 /* Build configuration list for PBXProject "KekaDemoApp" */ = {
			isa = XCConfigurationList;
			buildConfigurations = (
				426F94442C6CAF4100262469 /* Debug */,
				426F94452C6CAF4100262469 /* Release */,
			);
			defaultConfigurationIsVisible = 0;
			defaultConfigurationName = Release;
		};
		426F94462C6CAF4100262469 /* Build configuration list for PBXNativeTarget "KekaDemoApp" */ = {
			isa = XCConfigurationList;
			buildConfigurations = (
				426F94472C6CAF4100262469 /* Debug */,
				426F94482C6CAF4100262469 /* Release */,
			);
			defaultConfigurationIsVisible = 0;
			defaultConfigurationName = Release;
		};
/* End XCConfigurationList section */

/* Begin XCVersionGroup section */
		426F94412C6CAF4100262469 /* KekaDemoApp.xcdatamodeld */ = {
			isa = XCVersionGroup;
			children = (
				426F94422C6CAF4100262469 /* KekaDemoApp.xcdatamodel */,
			);
			currentVersion = 426F94422C6CAF4100262469 /* KekaDemoApp.xcdatamodel */;
			path = KekaDemoApp.xcdatamodeld;
			sourceTree = "<group>";
			versionGroupType = wrapper.xcdatamodel;
		};
/* End XCVersionGroup section */
	};
	rootObject = 426F942B2C6CAF3E00262469 /* Project object */;
}
